
Microsoft Visual Studio Solution File, Format Version 12.00
Project("{FAE04EC0-301F-11D3-BF4B-00C04F79EFBC}") = "DeadInside", "DeadInside\DeadInside.csproj", "{E61F411B-A291-4258-AE82-273C38E3025C}"
EndProject
Global
	GlobalSection(SolutionConfigurationPlatforms) = preSolution
		Debug|Any CPU = Debug|Any CPU
		Release|Any CPU = Release|Any CPU
	EndGlobalSection
	GlobalSection(ProjectConfigurationPlatforms) = postSolution
		{E61F411B-A291-4258-AE82-273C38E3025C}.Debug|Any CPU.ActiveCfg = Debug|Any CPU
		{E61F411B-A291-4258-AE82-273C38E3025C}.Debug|Any CPU.Build.0 = Debug|Any CPU
		{E61F411B-A291-4258-AE82-273C38E3025C}.Release|Any CPU.ActiveCfg = Release|Any CPU
		{E61F411B-A291-4258-AE82-273C38E3025C}.Release|Any CPU.Build.0 = Release|Any CPU
	EndGlobalSection
EndGlobal
